github.com/AlekseyAnikushin/first_module v1.0.0 h1:Wv8MXPFdGfVdpc+aSNfsl0UqC4hGKSRxCk0Z7yvnDuQ=
github.com/AlekseyAnikushin/first_module v1.0.0/go.mod h1:Cm9DegsHeK0iOM5YVGtC8pvoncyETuzV9yi1rw80+Xo=
github.com/AlekseyAnikushin/first_module v1.1.0 h1:OgOTxsAnR0c34ey7JAEdcEHjqRuBTsyKY/P41P8MpAE=
github.com/AlekseyAnikushin/first_module v1.1.0/go.mod h1:Cm9DegsHeK0iOM5YVGtC8pvoncyETuzV9yi1rw80+Xo=
github.com/AlekseyAnikushin/module01 v1.0.0 h1:YiV+PlEVkA9t6iNo9Bc0ekxNRfFokYVswQR1bZqiTNI=
github.com/AlekseyAnikushin/module01 v1.0.0/go.mod h1:+MO+xHV0pHUaPMv31/bG8P8WhYwr6Xy3Oj88K8sTuyY=
github.com/AlekseyAnikushin/module1 v1.0.0 h1:m1Td6Up3j3GwRwv7WEhRrFfBMTCONB4N/Ksjr0BdF2I=
github.com/AlekseyAnikushin/module1 v1.0.0/go.mod h1:N94hDTh+lKabqcz5OH4Esr/ektk+SXT2+8hPQV9xL/I=
