github.com/AlekseyAnikushin/module13 v1.0.0 h1:xNVMxqVD3k5LeufexZ3/AqpD0hsRfVXgq2idJcbBptM=
github.com/AlekseyAnikushin/module13 v1.0.0/go.mod h1:0lSm+HasBxrlSOkxV+f3kEuZfhZpkHTDZkQkZs2mZ/8=
github.com/AlekseyAnikushin/module13 v1.1.0 h1:DXYSps6yBQu4E0I7wkZCeEdrb3+qmakPJpuOxcgYdZg=
github.com/AlekseyAnikushin/module13 v1.1.0/go.mod h1:0lSm+HasBxrlSOkxV+f3kEuZfhZpkHTDZkQkZs2mZ/8=
github.com/AlekseyAnikushin/module13/v2 v2.0.0 h1:E+04t99OA0OP0mw38CC9W1tW1tSFcP8cf3JZgUmLoNU=
github.com/AlekseyAnikushin/module13/v2 v2.0.0/go.mod h1:g4AdnxB5TRHrk1QYr4j60appVdkPZ0MuBPKQtAnroiI=
github.com/AlekseyAnikushin/module13/v2 v2.1.0 h1:N2K+eCuEJjimIgWobkTHrmR96nuhUiBs94gGQBGFVPM=
github.com/AlekseyAnikushin/module13/v2 v2.1.0/go.mod h1:g4AdnxB5TRHrk1QYr4j60appVdkPZ0MuBPKQtAnroiI=
